
Microsoft Visual Studio Solution File, Format Version 12.00
# Visual Studio Version 17
VisualStudioVersion = 17.14.36518.9 d17.14
MinimumVisualStudioVersion = 10.0.40219.1
Project("{FAE04EC0-301F-11D3-BF4B-00C04F79EFBC}") = "WinFormsApp1", "WinFormsApp1\WinFormsApp1.csproj", "{FBEAB389-F134-46ED-88DB-A3D147F48D78}"
EndProject
Global
	GlobalSection(SolutionConfigurationPlatforms) = preSolution
		Debug|Any CPU = Debug|Any CPU
		Release|Any CPU = Release|Any CPU
	EndGlobalSection
	GlobalSection(ProjectConfigurationPlatforms) = postSolution
		{FBEAB389-F134-46ED-88DB-A3D147F48D78}.Debug|Any CPU.ActiveCfg = Debug|Any CPU
		{FBEAB389-F134-46ED-88DB-A3D147F48D78}.Debug|Any CPU.Build.0 = Debug|Any CPU
		{FBEAB389-F134-46ED-88DB-A3D147F48D78}.Release|Any CPU.ActiveCfg = Release|Any CPU
		{FBEAB389-F134-46ED-88DB-A3D147F48D78}.Release|Any CPU.Build.0 = Release|Any CPU
	EndGlobalSection
	GlobalSection(SolutionProperties) = preSolution
		HideSolutionNode = FALSE
	EndGlobalSection
	GlobalSection(ExtensibilityGlobals) = postSolution
		SolutionGuid = {B41005FA-AD1C-4913-985D-8B1D2E5B219F}
	EndGlobalSection
EndGlobal
