
Microsoft Visual Studio Solution File, Format Version 12.00
# Visual Studio Version 17
VisualStudioVersion = 17.14.36518.9 d17.14
MinimumVisualStudioVersion = 10.0.40219.1
Project("{FAE04EC0-301F-11D3-BF4B-00C04F79EFBC}") = "WinFormsApp1", "WinFormsApp1\WinFormsApp1.csproj", "{1CCBD592-48CA-40A3-8BA6-AC168808AF8C}"
EndProject
Global
	GlobalSection(SolutionConfigurationPlatforms) = preSolution
		Debug|Any CPU = Debug|Any CPU
		Release|Any CPU = Release|Any CPU
	EndGlobalSection
	GlobalSection(ProjectConfigurationPlatforms) = postSolution
		{1CCBD592-48CA-40A3-8BA6-AC168808AF8C}.Debug|Any CPU.ActiveCfg = Debug|Any CPU
		{1CCBD592-48CA-40A3-8BA6-AC168808AF8C}.Debug|Any CPU.Build.0 = Debug|Any CPU
		{1CCBD592-48CA-40A3-8BA6-AC168808AF8C}.Release|Any CPU.ActiveCfg = Release|Any CPU
		{1CCBD592-48CA-40A3-8BA6-AC168808AF8C}.Release|Any CPU.Build.0 = Release|Any CPU
	EndGlobalSection
	GlobalSection(SolutionProperties) = preSolution
		HideSolutionNode = FALSE
	EndGlobalSection
	GlobalSection(ExtensibilityGlobals) = postSolution
		SolutionGuid = {6B9EA5DD-EA0E-4561-9C4B-A4116FEFD8D8}
	EndGlobalSection
EndGlobal
