
Microsoft Visual Studio Solution File, Format Version 12.00
# Visual Studio Version 17
VisualStudioVersion = 17.14.36518.9 d17.14
MinimumVisualStudioVersion = 10.0.40219.1
Project("{FAE04EC0-301F-11D3-BF4B-00C04F79EFBC}") = "WinFormsApp1", "WinFormsApp1\WinFormsApp1.csproj", "{883BF94E-4EC3-4DFA-9C76-73E0F0972030}"
EndProject
Project("{2150E333-8FDC-42A3-9474-1A3956D46DE8}") = "方案項目", "方案項目", "{8DDC4786-5FC8-F15C-1CA5-9F41FD4BEB75}"
EndProject
Global
	GlobalSection(SolutionConfigurationPlatforms) = preSolution
		Debug|Any CPU = Debug|Any CPU
		Release|Any CPU = Release|Any CPU
	EndGlobalSection
	GlobalSection(ProjectConfigurationPlatforms) = postSolution
		{883BF94E-4EC3-4DFA-9C76-73E0F0972030}.Debug|Any CPU.ActiveCfg = Debug|Any CPU
		{883BF94E-4EC3-4DFA-9C76-73E0F0972030}.Debug|Any CPU.Build.0 = Debug|Any CPU
		{883BF94E-4EC3-4DFA-9C76-73E0F0972030}.Release|Any CPU.ActiveCfg = Release|Any CPU
		{883BF94E-4EC3-4DFA-9C76-73E0F0972030}.Release|Any CPU.Build.0 = Release|Any CPU
	EndGlobalSection
	GlobalSection(SolutionProperties) = preSolution
		HideSolutionNode = FALSE
	EndGlobalSection
	GlobalSection(ExtensibilityGlobals) = postSolution
		SolutionGuid = {560DBB55-B7D4-4022-8B0E-E061DE4A208A}
	EndGlobalSection
EndGlobal
